
Microsoft Visual Studio Solution File, Format Version 12.00
# Visual Studio Version 16
VisualStudioVersion = 16.0.32413.511
MinimumVisualStudioVersion = 10.0.40219.1
Project("{FAE04EC0-301F-11D3-BF4B-00C04F79EFBC}") = "Emek Haqqi Komekcisi", "Emek Haqqi Komekcisi\Emek Haqqi Komekcisi.csproj", "{B7D446B8-4D67-498D-9556-035CFDCCD1A6}"
EndProject
Global
	GlobalSection(SolutionConfigurationPlatforms) = preSolution
		Debug|Any CPU = Debug|Any CPU
		Release|Any CPU = Release|Any CPU
	EndGlobalSection
	GlobalSection(ProjectConfigurationPlatforms) = postSolution
		{B7D446B8-4D67-498D-9556-035CFDCCD1A6}.Debug|Any CPU.ActiveCfg = Debug|Any CPU
		{B7D446B8-4D67-498D-9556-035CFDCCD1A6}.Debug|Any CPU.Build.0 = Debug|Any CPU
		{B7D446B8-4D67-498D-9556-035CFDCCD1A6}.Release|Any CPU.ActiveCfg = Release|Any CPU
		{B7D446B8-4D67-498D-9556-035CFDCCD1A6}.Release|Any CPU.Build.0 = Release|Any CPU
	EndGlobalSection
	GlobalSection(SolutionProperties) = preSolution
		HideSolutionNode = FALSE
	EndGlobalSection
	GlobalSection(ExtensibilityGlobals) = postSolution
		SolutionGuid = {5F8A068C-F1FE-4119-8DE3-4226BC81D1A3}
	EndGlobalSection
EndGlobal
